
Microsoft Visual Studio Solution File, Format Version 12.00
# Visual Studio Version 16
VisualStudioVersion = 16.0.30104.148
MinimumVisualStudioVersion = 10.0.40219.1
Project("{FAE04EC0-301F-11D3-BF4B-00C04F79EFBC}") = "UI", "UI.csproj", "{7C9AD1E2-96F0-444E-A838-54169178860D}"
EndProject
Global
	GlobalSection(SolutionConfigurationPlatforms) = preSolution
		Debug|Any CPU = Debug|Any CPU
		Release|Any CPU = Release|Any CPU
	EndGlobalSection
	GlobalSection(ProjectConfigurationPlatforms) = postSolution
		{7C9AD1E2-96F0-444E-A838-54169178860D}.Debug|Any CPU.ActiveCfg = Debug|Any CPU
		{7C9AD1E2-96F0-444E-A838-54169178860D}.Debug|Any CPU.Build.0 = Debug|Any CPU
		{7C9AD1E2-96F0-444E-A838-54169178860D}.Release|Any CPU.ActiveCfg = Release|Any CPU
		{7C9AD1E2-96F0-444E-A838-54169178860D}.Release|Any CPU.Build.0 = Release|Any CPU
	EndGlobalSection
	GlobalSection(SolutionProperties) = preSolution
		HideSolutionNode = FALSE
	EndGlobalSection
	GlobalSection(ExtensibilityGlobals) = postSolution
		SolutionGuid = {8EB6BDD8-7092-436E-AA3A-0902E588CFAC}
	EndGlobalSection
EndGlobal
